
Microsoft Visual Studio Solution File, Format Version 12.00
Project("{FAE04EC0-301F-11D3-BF4B-00C04F79EFBC}") = "KataBlackjack", "KataBlackjack\KataBlackjack.csproj", "{83987422-4576-401F-9352-569CEE975D10}"
EndProject
Project("{FAE04EC0-301F-11D3-BF4B-00C04F79EFBC}") = "TestBlackJack", "TestBlackJack\TestBlackJack.csproj", "{9BBCEAD3-4E15-43E9-BE15-F21D46165F37}"
EndProject
Global
	GlobalSection(SolutionConfigurationPlatforms) = preSolution
		Debug|Any CPU = Debug|Any CPU
		Release|Any CPU = Release|Any CPU
	EndGlobalSection
	GlobalSection(ProjectConfigurationPlatforms) = postSolution
		{83987422-4576-401F-9352-569CEE975D10}.Debug|Any CPU.ActiveCfg = Debug|Any CPU
		{83987422-4576-401F-9352-569CEE975D10}.Debug|Any CPU.Build.0 = Debug|Any CPU
		{83987422-4576-401F-9352-569CEE975D10}.Release|Any CPU.ActiveCfg = Release|Any CPU
		{83987422-4576-401F-9352-569CEE975D10}.Release|Any CPU.Build.0 = Release|Any CPU
		{9BBCEAD3-4E15-43E9-BE15-F21D46165F37}.Debug|Any CPU.ActiveCfg = Debug|Any CPU
		{9BBCEAD3-4E15-43E9-BE15-F21D46165F37}.Debug|Any CPU.Build.0 = Debug|Any CPU
		{9BBCEAD3-4E15-43E9-BE15-F21D46165F37}.Release|Any CPU.ActiveCfg = Release|Any CPU
		{9BBCEAD3-4E15-43E9-BE15-F21D46165F37}.Release|Any CPU.Build.0 = Release|Any CPU
	EndGlobalSection
EndGlobal
